// !$*UTF8*$!
{
	archiveVersion = 1;
	classes = {
	};
	objectVersion = 50;
	objects = {

/* Begin PBXBuildFile section */
		A93FE4262332B16300152FF2 /* AppDelegate.swift in Sources */ = {isa = PBXBuildFile; fileRef = A93FE4252332B16300152FF2 /* AppDelegate.swift */; };
		A93FE4282332B16300152FF2 /* ViewController.swift in Sources */ = {isa = PBXBuildFile; fileRef = A93FE4272332B16300152FF2 /* ViewController.swift */; };
		A93FE42B2332B16300152FF2 /* Main.storyboard in Resources */ = {isa = PBXBuildFile; fileRef = A93FE4292332B16300152FF2 /* Main.storyboard */; };
		A93FE42D2332B16600152FF2 /* Assets.xcassets in Resources */ = {isa = PBXBuildFile; fileRef = A93FE42C2332B16600152FF2 /* Assets.xcassets */; };
		A93FE4302332B16600152FF2 /* LaunchScreen.storyboard in Resources */ = {isa = PBXBuildFile; fileRef = A93FE42E2332B16600152FF2 /* LaunchScreen.storyboard */; };
		A982731C2332B67A00B4AF51 /* FontNameCell.swift in Sources */ = {isa = PBXBuildFile; fileRef = A982731B2332B67A00B4AF51 /* FontNameCell.swift */; };
		A982731E2332B6CD00B4AF51 /* FontListViewController.swift in Sources */ = {isa = PBXBuildFile; fileRef = A982731D2332B6CD00B4AF51 /* FontListViewController.swift */; };
		A98273202332B72800B4AF51 /* RecentFontsList.swift in Sources */ = {isa = PBXBuildFile; fileRef = A982731F2332B72800B4AF51 /* RecentFontsList.swift */; };
/* End PBXBuildFile section */

/* Begin PBXFileReference section */
		A93FE4222332B16300152FF2 /* TextViewProblem.app */ = {isa = PBXFileReference; explicitFileType = wrapper.application; includeInIndex = 0; path = TextViewProblem.app; sourceTree = BUILT_PRODUCTS_DIR; };
		A93FE4252332B16300152FF2 /* AppDelegate.swift */ = {isa = PBXFileReference; lastKnownFileType = sourcecode.swift; path = AppDelegate.swift; sourceTree = "<group>"; };
		A93FE4272332B16300152FF2 /* ViewController.swift */ = {isa = PBXFileReference; lastKnownFileType = sourcecode.swift; path = ViewController.swift; sourceTree = "<group>"; };
		A93FE42A2332B16300152FF2 /* Base */ = {isa = PBXFileReference; lastKnownFileType = file.storyboard; name = Base; path = Base.lproj/Main.storyboard; sourceTree = "<group>"; };
		A93FE42C2332B16600152FF2 /* Assets.xcassets */ = {isa = PBXFileReference; lastKnownFileType = folder.assetcatalog; path = Assets.xcassets; sourceTree = "<group>"; };
		A93FE42F2332B16600152FF2 /* Base */ = {isa = PBXFileReference; lastKnownFileType = file.storyboard; name = Base; path = Base.lproj/LaunchScreen.storyboard; sourceTree = "<group>"; };
		A93FE4312332B16600152FF2 /* Info.plist */ = {isa = PBXFileReference; lastKnownFileType = text.plist.xml; path = Info.plist; sourceTree = "<group>"; };
		A982731B2332B67A00B4AF51 /* FontNameCell.swift */ = {isa = PBXFileReference; lastKnownFileType = sourcecode.swift; path = FontNameCell.swift; sourceTree = "<group>"; };
		A982731D2332B6CD00B4AF51 /* FontListViewController.swift */ = {isa = PBXFileReference; lastKnownFileType = sourcecode.swift; path = FontListViewController.swift; sourceTree = "<group>"; };
		A982731F2332B72800B4AF51 /* RecentFontsList.swift */ = {isa = PBXFileReference; lastKnownFileType = sourcecode.swift; path = RecentFontsList.swift; sourceTree = "<group>"; };
/* End PBXFileReference section */

/* Begin PBXFrameworksBuildPhase section */
		A93FE41F2332B16300152FF2 /* Frameworks */ = {
			isa = PBXFrameworksBuildPhase;
			buildActionMask = 2147483647;
			files = (
			);
			runOnlyForDeploymentPostprocessing = 0;
		};
/* End PBXFrameworksBuildPhase section */

/* Begin PBXGroup section */
		A93FE4192332B16300152FF2 = {
			isa = PBXGroup;
			children = (
				A93FE4242332B16300152FF2 /* TextViewProblem */,
				A93FE4232332B16300152FF2 /* Products */,
			);
			sourceTree = "<group>";
		};
		A93FE4232332B16300152FF2 /* Products */ = {
			isa = PBXGroup;
			children = (
				A93FE4222332B16300152FF2 /* TextViewProblem.app */,
			);
			name = Products;
			sourceTree = "<group>";
		};
		A93FE4242332B16300152FF2 /* TextViewProblem */ = {
			isa = PBXGroup;
			children = (
				A93FE4252332B16300152FF2 /* AppDelegate.swift */,
				A93FE4272332B16300152FF2 /* ViewController.swift */,
				A93FE4292332B16300152FF2 /* Main.storyboard */,
				A982731B2332B67A00B4AF51 /* FontNameCell.swift */,
				A982731D2332B6CD00B4AF51 /* FontListViewController.swift */,
				A982731F2332B72800B4AF51 /* RecentFontsList.swift */,
				A93FE42C2332B16600152FF2 /* Assets.xcassets */,
				A93FE42E2332B16600152FF2 /* LaunchScreen.storyboard */,
				A93FE4312332B16600152FF2 /* Info.plist */,
			);
			path = TextViewProblem;
			sourceTree = "<group>";
		};
/* End PBXGroup section */

/* Begin PBXNativeTarget section */
		A93FE4212332B16300152FF2 /* TextViewProblem */ = {
			isa = PBXNativeTarget;
			buildConfigurationList = A93FE4342332B16600152FF2 /* Build configuration list for PBXNativeTarget "TextViewProblem" */;
			buildPhases = (
				A93FE41E2332B16300152FF2 /* Sources */,
				A93FE41F2332B16300152FF2 /* Frameworks */,
				A93FE4202332B16300152FF2 /* Resources */,
			);
			buildRules = (
			);
			dependencies = (
			);
			name = TextViewProblem;
			productName = TextViewProblem;
			productReference = A93FE4222332B16300152FF2 /* TextViewProblem.app */;
			productType = "com.apple.product-type.application";
		};
/* End PBXNativeTarget section */

/* Begin PBXProject section */
		A93FE41A2332B16300152FF2 /* Project object */ = {
			isa = PBXProject;
			attributes = {
				LastSwiftUpdateCheck = 1010;
				LastUpgradeCheck = 1010;
				ORGANIZATIONNAME = "Bill Bonetti";
				TargetAttributes = {
					A93FE4212332B16300152FF2 = {
						CreatedOnToolsVersion = 10.1;
					};
				};
			};
			buildConfigurationList = A93FE41D2332B16300152FF2 /* Build configuration list for PBXProject "TextViewProblem" */;
			compatibilityVersion = "Xcode 9.3";
			developmentRegion = en;
			hasScannedForEncodings = 0;
			knownRegions = (
				en,
				Base,
			);
			mainGroup = A93FE4192332B16300152FF2;
			productRefGroup = A93FE4232332B16300152FF2 /* Products */;
			projectDirPath = "";
			projectRoot = "";
			targets = (
				A93FE4212332B16300152FF2 /* TextViewProblem */,
			);
		};
/* End PBXProject section */

/* Begin PBXResourcesBuildPhase section */
		A93FE4202332B16300152FF2 /* Resources */ = {
			isa = PBXResourcesBuildPhase;
			buildActionMask = 2147483647;
			files = (
				A93FE4302332B16600152FF2 /* LaunchScreen.storyboard in Resources */,
				A93FE42D2332B16600152FF2 /* Assets.xcassets in Resources */,
				A93FE42B2332B16300152FF2 /* Main.storyboard in Resources */,
			);
			runOnlyForDeploymentPostprocessing = 0;
		};
/* End PBXResourcesBuildPhase section */

/* Begin PBXSourcesBuildPhase section */
		A93FE41E2332B16300152FF2 /* Sources */ = {
			isa = PBXSourcesBuildPhase;
			buildActionMask = 2147483647;
			files = (
				A93FE4282332B16300152FF2 /* ViewController.swift in Sources */,
				A982731E2332B6CD00B4AF51 /* FontListViewController.swift in Sources */,
				A93FE4262332B16300152FF2 /* AppDelegate.swift in Sources */,
				A98273202332B72800B4AF51 /* RecentFontsList.swift in Sources */,
				A982731C2332B67A00B4AF51 /* FontNameCell.swift in Sources */,
			);
			runOnlyForDeploymentPostprocessing = 0;
		};
/* End PBXSourcesBuildPhase section */

/* Begin PBXVariantGroup section */
		A93FE4292332B16300152FF2 /* Main.storyboard */ = {
			isa = PBXVariantGroup;
			children = (
				A93FE42A2332B16300152FF2 /* Base */,
			);
			name = Main.storyboard;
			sourceTree = "<group>";
		};
		A93FE42E2332B16600152FF2 /* LaunchScreen.storyboard */ = {
			isa = PBXVariantGroup;
			children = (
				A93FE42F2332B16600152FF2 /* Base */,
			);
			name = LaunchScreen.storyboard;
			sourceTree = "<group>";
		};
/* End PBXVariantGroup section */

/* Begin XCBuildConfiguration section */
		A93FE4322332B16600152FF2 /* Debug */ = {
			isa = XCBuildConfiguration;
			buildSettings = {
				ALWAYS_SEARCH_USER_PATHS = NO;
				CLANG_ANALYZER_NONNULL = YES;
				CLANG_ANALYZER_NUMBER_OBJECT_CONVERSION = YES_AGGRESSIVE;
				CLANG_CXX_LANGUAGE_STANDARD = "gnu++14";
				CLANG_CXX_LIBRARY = "libc++";
				CLANG_ENABLE_MODULES = YES;
				CLANG_ENABLE_OBJC_ARC = YES;
				CLANG_ENABLE_OBJC_WEAK = YES;
				CLANG_WARN_BLOCK_CAPTURE_AUTORELEASING = YES;
				CLANG_WARN_BOOL_CONVERSION = YES;
				CLANG_WARN_COMMA = YES;
				CLANG_WARN_CONSTANT_CONVERSION = YES;
				CLANG_WARN_DEPRECATED_OBJC_IMPLEMENTATIONS = YES;
				CLANG_WARN_DIRECT_OBJC_ISA_USAGE = YES_ERROR;
				CLANG_WARN_DOCUMENTATION_COMMENTS = YES;
				CLANG_WARN_EMPTY_BODY = YES;
				CLANG_WARN_ENUM_CONVERSION = YES;
				CLANG_WARN_INFINITE_RECURSION = YES;
				CLANG_WARN_INT_CONVERSION = YES;
				CLANG_WARN_NON_LITERAL_NULL_CONVERSION = YES;
				CLANG_WARN_OBJC_IMPLICIT_RETAIN_SELF = YES;
				CLANG_WARN_OBJC_LITERAL_CONVERSION = YES;
				CLANG_WARN_OBJC_ROOT_CLASS = YES_ERROR;
				CLANG_WARN_RANGE_LOOP_ANALYSIS = YES;
				CLANG_WARN_STRICT_PROTOTYPES = YES;
				CLANG_WARN_SUSPICIOUS_MOVE = YES;
				CLANG_WARN_UNGUARDED_AVAILABILITY = YES_AGGRESSIVE;
				CLANG_WARN_UNREACHABLE_CODE = YES;
				CLANG_WARN__DUPLICATE_METHOD_MATCH = YES;
				CODE_SIGN_IDENTITY = "iPhone Developer";
				COPY_PHASE_STRIP = NO;
				DEBUG_INFORMATION_FORMAT = dwarf;
				ENABLE_STRICT_OBJC_MSGSEND = YES;
				ENABLE_TESTABILITY = YES;
				GCC_C_LANGUAGE_STANDARD = gnu11;
				GCC_DYNAMIC_NO_PIC = NO;
				GCC_NO_COMMON_BLOCKS = YES;
				GCC_OPTIMIZATION_LEVEL = 0;
				GCC_PREPROCESSOR_DEFINITIONS = (
					"DEBUG=1",
					"$(inherited)",
				);
				GCC_WARN_64_TO_32_BIT_CONVERSION = YES;
				GCC_WARN_ABOUT_RETURN_TYPE = YES_ERROR;
				GCC_WARN_UNDECLARED_SELECTOR = YES;
				GCC_WARN_UNINITIALIZED_AUTOS = YES_AGGRESSIVE;
				GCC_WARN_UNUSED_FUNCTION = YES;
				GCC_WARN_UNUSED_VARIABLE = YES;
				IPHONEOS_DEPLOYMENT_TARGET = 12.1;
				MTL_ENABLE_DEBUG_INFO = INCLUDE_SOURCE;
				MTL_FAST_MATH = YES;
				ONLY_ACTIVE_ARCH = YES;
				SDKROOT = iphoneos;
				SWIFT_ACTIVE_COMPILATION_CONDITIONS = DEBUG;
				SWIFT_OPTIMIZATION_LEVEL = "-Onone";
			};
			name = Debug;
		};
		A93FE4332332B16600152FF2 /* Release */ = {
			isa = XCBuildConfiguration;
			buildSettings = {
				ALWAYS_SEARCH_USER_PATHS = NO;
				CLANG_ANALYZER_NONNULL = YES;
				CLANG_ANALYZER_NUMBER_OBJECT_CONVERSION = YES_AGGRESSIVE;
				CLANG_CXX_LANGUAGE_STANDARD = "gnu++14";
				CLANG_CXX_LIBRARY = "libc++";
				CLANG_ENABLE_MODULES = YES;
				CLANG_ENABLE_OBJC_ARC = YES;
				CLANG_ENABLE_OBJC_WEAK = YES;
				CLANG_WARN_BLOCK_CAPTURE_AUTORELEASING = YES;
				CLANG_WARN_BOOL_CONVERSION = YES;
				CLANG_WARN_COMMA = YES;
				CLANG_WARN_CONSTANT_CONVERSION = YES;
				CLANG_WARN_DEPRECATED_OBJC_IMPLEMENTATIONS = YES;
				CLANG_WARN_DIRECT_OBJC_ISA_USAGE = YES_ERROR;
				CLANG_WARN_DOCUMENTATION_COMMENTS = YES;
				CLANG_WARN_EMPTY_BODY = YES;
				CLANG_WARN_ENUM_CONVERSION = YES;
				CLANG_WARN_INFINITE_RECURSION = YES;
				CLANG_WARN_INT_CONVERSION = YES;
				CLANG_WARN_NON_LITERAL_NULL_CONVERSION = YES;
				CLANG_WARN_OBJC_IMPLICIT_RETAIN_SELF = YES;
				CLANG_WARN_OBJC_LITERAL_CONVERSION = YES;
				CLANG_WARN_OBJC_ROOT_CLASS = YES_ERROR;
				CLANG_WARN_RANGE_LOOP_ANALYSIS = YES;
				CLANG_WARN_STRICT_PROTOTYPES = YES;
				CLANG_WARN_SUSPICIOUS_MOVE = YES;
				CLANG_WARN_UNGUARDED_AVAILABILITY = YES_AGGRESSIVE;
				CLANG_WARN_UNREACHABLE_CODE = YES;
				CLANG_WARN__DUPLICATE_METHOD_MATCH = YES;
				CODE_SIGN_IDENTITY = "iPhone Developer";
				COPY_PHASE_STRIP = NO;
				DEBUG_INFORMATION_FORMAT = "dwarf-with-dsym";
				ENABLE_NS_ASSERTIONS = NO;
				ENABLE_STRICT_OBJC_MSGSEND = YES;
				GCC_C_LANGUAGE_STANDARD = gnu11;
				GCC_NO_COMMON_BLOCKS = YES;
				GCC_WARN_64_TO_32_BIT_CONVERSION = YES;
				GCC_WARN_ABOUT_RETURN_TYPE = YES_ERROR;
				GCC_WARN_UNDECLARED_SELECTOR = YES;
				GCC_WARN_UNINITIALIZED_AUTOS = YES_AGGRESSIVE;
				GCC_WARN_UNUSED_FUNCTION = YES;
				GCC_WARN_UNUSED_VARIABLE = YES;
				IPHONEOS_DEPLOYMENT_TARGET = 12.1;
				MTL_ENABLE_DEBUG_INFO = NO;
				MTL_FAST_MATH = YES;
				SDKROOT = iphoneos;
				SWIFT_COMPILATION_MODE = wholemodule;
				SWIFT_OPTIMIZATION_LEVEL = "-O";
				VALIDATE_PRODUCT = YES;
			};
			name = Release;
		};
		A93FE4352332B16600152FF2 /* Debug */ = {
			isa = XCBuildConfiguration;
			buildSettings = {
				ASSETCATALOG_COMPILER_APPICON_NAME = AppIcon;
				CODE_SIGN_STYLE = Automatic;
				DEVELOPMENT_TEAM = N8GMHG75JJ;
				INFOPLIST_FILE = TextViewProblem/Info.plist;
				LD_RUNPATH_SEARCH_PATHS = (
					"$(inherited)",
					"@executable_path/Frameworks",
				);
				PRODUCT_BUNDLE_IDENTIFIER = "The-Bonetti-Group.TextViewProblem";
				PRODUCT_NAME = "$(TARGET_NAME)";
				SWIFT_VERSION = 4.2;
				TARGETED_DEVICE_FAMILY = "1,2";
			};
			name = Debug;
		};
		A93FE4362332B16600152FF2 /* Release */ = {
			isa = XCBuildConfiguration;
			buildSettings = {
				ASSETCATALOG_COMPILER_APPICON_NAME = AppIcon;
				CODE_SIGN_STYLE = Automatic;
				DEVELOPMENT_TEAM = N8GMHG75JJ;
				INFOPLIST_FILE = TextViewProblem/Info.plist;
				LD_RUNPATH_SEARCH_PATHS = (
					"$(inherited)",
					"@executable_path/Frameworks",
				);
				PRODUCT_BUNDLE_IDENTIFIER = "The-Bonetti-Group.TextViewProblem";
				PRODUCT_NAME = "$(TARGET_NAME)";
				SWIFT_VERSION = 4.2;
				TARGETED_DEVICE_FAMILY = "1,2";
			};
			name = Release;
		};
/* End XCBuildConfiguration section */

/* Begin XCConfigurationList section */
		A93FE41D2332B16300152FF2 /* Build configuration list for PBXProject "TextViewProblem" */ = {
			isa = XCConfigurationList;
			buildConfigurations = (
				A93FE4322332B16600152FF2 /* Debug */,
				A93FE4332332B16600152FF2 /* Release */,
			);
			defaultConfigurationIsVisible = 0;
			defaultConfigurationName = Release;
		};
		A93FE4342332B16600152FF2 /* Build configuration list for PBXNativeTarget "TextViewProblem" */ = {
			isa = XCConfigurationList;
			buildConfigurations = (
				A93FE4352332B16600152FF2 /* Debug */,
				A93FE4362332B16600152FF2 /* Release */,
			);
			defaultConfigurationIsVisible = 0;
			defaultConfigurationName = Release;
		};
/* End XCConfigurationList section */
	};
	rootObject = A93FE41A2332B16300152FF2 /* Project object */;
}
